
Microsoft Visual Studio Solution File, Format Version 12.00
# Visual Studio 15
VisualStudioVersion = 15.0.27004.2006
MinimumVisualStudioVersion = 10.0.40219.1
Project("{FAE04EC0-301F-11D3-BF4B-00C04F79EFBC}") = "01.MatchCount", "01.MatchCount\01.MatchCount.csproj", "{18EC63B0-ACCC-47D3-ACFE-2F7299B73C7B}"
EndProject
Project("{FAE04EC0-301F-11D3-BF4B-00C04F79EFBC}") = "02.VowelCount", "02.VowelCount\02.VowelCount.csproj", "{D3399C41-4C99-4AF5-87C0-0407B1550246}"
EndProject
Project("{FAE04EC0-301F-11D3-BF4B-00C04F79EFBC}") = "03.Non-DigitCount", "03.Non-DigitCount\03.Non-DigitCount.csproj", "{89058F79-C329-4372-9A67-22A1230B6CBE}"
EndProject
Project("{FAE04EC0-301F-11D3-BF4B-00C04F79EFBC}") = "04.ExtractIntNumbers", "04.ExtractIntNumbers\04.ExtractIntNumbers.csproj", "{29B9C5A6-827B-4E40-9159-2A489061C204}"
EndProject
Project("{FAE04EC0-301F-11D3-BF4B-00C04F79EFBC}") = "05.ExtractTags", "05.ExtractTags\05.ExtractTags.csproj", "{F652A6DF-BCEC-405D-B2C2-19B0E19AB46C}"
EndProject
Project("{FAE04EC0-301F-11D3-BF4B-00C04F79EFBC}") = "06.ValidUsernames", "06.ValidUsernames\06.ValidUsernames.csproj", "{DB44C36F-9810-44B8-8CEC-89343E64CB29}"
EndProject
Project("{FAE04EC0-301F-11D3-BF4B-00C04F79EFBC}") = "07.ValidTime", "07.ValidTime\07.ValidTime.csproj", "{F94A779E-865B-466B-94DA-B66900E02F0F}"
EndProject
Project("{FAE04EC0-301F-11D3-BF4B-00C04F79EFBC}") = "08.ExtractQuotations", "08.ExtractQuotations\08.ExtractQuotations.csproj", "{47F76213-012F-4C1F-B6E9-99E7A5F81B4B}"
EndProject
Global
	GlobalSection(SolutionConfigurationPlatforms) = preSolution
		Debug|Any CPU = Debug|Any CPU
		Release|Any CPU = Release|Any CPU
	EndGlobalSection
	GlobalSection(ProjectConfigurationPlatforms) = postSolution
		{18EC63B0-ACCC-47D3-ACFE-2F7299B73C7B}.Debug|Any CPU.ActiveCfg = Debug|Any CPU
		{18EC63B0-ACCC-47D3-ACFE-2F7299B73C7B}.Debug|Any CPU.Build.0 = Debug|Any CPU
		{18EC63B0-ACCC-47D3-ACFE-2F7299B73C7B}.Release|Any CPU.ActiveCfg = Release|Any CPU
		{18EC63B0-ACCC-47D3-ACFE-2F7299B73C7B}.Release|Any CPU.Build.0 = Release|Any CPU
		{D3399C41-4C99-4AF5-87C0-0407B1550246}.Debug|Any CPU.ActiveCfg = Debug|Any CPU
		{D3399C41-4C99-4AF5-87C0-0407B1550246}.Debug|Any CPU.Build.0 = Debug|Any CPU
		{D3399C41-4C99-4AF5-87C0-0407B1550246}.Release|Any CPU.ActiveCfg = Release|Any CPU
		{D3399C41-4C99-4AF5-87C0-0407B1550246}.Release|Any CPU.Build.0 = Release|Any CPU
		{89058F79-C329-4372-9A67-22A1230B6CBE}.Debug|Any CPU.ActiveCfg = Debug|Any CPU
		{89058F79-C329-4372-9A67-22A1230B6CBE}.Debug|Any CPU.Build.0 = Debug|Any CPU
		{89058F79-C329-4372-9A67-22A1230B6CBE}.Release|Any CPU.ActiveCfg = Release|Any CPU
		{89058F79-C329-4372-9A67-22A1230B6CBE}.Release|Any CPU.Build.0 = Release|Any CPU
		{29B9C5A6-827B-4E40-9159-2A489061C204}.Debug|Any CPU.ActiveCfg = Debug|Any CPU
		{29B9C5A6-827B-4E40-9159-2A489061C204}.Debug|Any CPU.Build.0 = Debug|Any CPU
		{29B9C5A6-827B-4E40-9159-2A489061C204}.Release|Any CPU.ActiveCfg = Release|Any CPU
		{29B9C5A6-827B-4E40-9159-2A489061C204}.Release|Any CPU.Build.0 = Release|Any CPU
		{F652A6DF-BCEC-405D-B2C2-19B0E19AB46C}.Debug|Any CPU.ActiveCfg = Debug|Any CPU
		{F652A6DF-BCEC-405D-B2C2-19B0E19AB46C}.Debug|Any CPU.Build.0 = Debug|Any CPU
		{F652A6DF-BCEC-405D-B2C2-19B0E19AB46C}.Release|Any CPU.ActiveCfg = Release|Any CPU
		{F652A6DF-BCEC-405D-B2C2-19B0E19AB46C}.Release|Any CPU.Build.0 = Release|Any CPU
		{DB44C36F-9810-44B8-8CEC-89343E64CB29}.Debug|Any CPU.ActiveCfg = Debug|Any CPU
		{DB44C36F-9810-44B8-8CEC-89343E64CB29}.Debug|Any CPU.Build.0 = Debug|Any CPU
		{DB44C36F-9810-44B8-8CEC-89343E64CB29}.Release|Any CPU.ActiveCfg = Release|Any CPU
		{DB44C36F-9810-44B8-8CEC-89343E64CB29}.Release|Any CPU.Build.0 = Release|Any CPU
		{F94A779E-865B-466B-94DA-B66900E02F0F}.Debug|Any CPU.ActiveCfg = Debug|Any CPU
		{F94A779E-865B-466B-94DA-B66900E02F0F}.Debug|Any CPU.Build.0 = Debug|Any CPU
		{F94A779E-865B-466B-94DA-B66900E02F0F}.Release|Any CPU.ActiveCfg = Release|Any CPU
		{F94A779E-865B-466B-94DA-B66900E02F0F}.Release|Any CPU.Build.0 = Release|Any CPU
		{47F76213-012F-4C1F-B6E9-99E7A5F81B4B}.Debug|Any CPU.ActiveCfg = Debug|Any CPU
		{47F76213-012F-4C1F-B6E9-99E7A5F81B4B}.Debug|Any CPU.Build.0 = Debug|Any CPU
		{47F76213-012F-4C1F-B6E9-99E7A5F81B4B}.Release|Any CPU.ActiveCfg = Release|Any CPU
		{47F76213-012F-4C1F-B6E9-99E7A5F81B4B}.Release|Any CPU.Build.0 = Release|Any CPU
	EndGlobalSection
	GlobalSection(SolutionProperties) = preSolution
		HideSolutionNode = FALSE
	EndGlobalSection
	GlobalSection(ExtensibilityGlobals) = postSolution
		SolutionGuid = {B1DD853B-EB6E-49DB-91DD-AA4B2AC87A09}
	EndGlobalSection
EndGlobal
