
Microsoft Visual Studio Solution File, Format Version 12.00
# Visual Studio 15
VisualStudioVersion = 15.0.27004.2006
MinimumVisualStudioVersion = 10.0.40219.1
Project("{FAE04EC0-301F-11D3-BF4B-00C04F79EFBC}") = "01.NumFrom1ToN", "01.NumFrom1ToN\01.NumFrom1ToN.csproj", "{E7FDC498-5555-48BC-9A7C-60190AFEDF9B}"
EndProject
Project("{FAE04EC0-301F-11D3-BF4B-00C04F79EFBC}") = "02.NumbersFromNTo1", "02.NumbersFromNTo1\02.NumbersFromNTo1.csproj", "{6165C16F-E48F-4D0D-AD87-315CC2C8DB32}"
EndProject
Project("{FAE04EC0-301F-11D3-BF4B-00C04F79EFBC}") = "03.PowersOfTwo", "03.PowersOfTwo\03.PowersOfTwo.csproj", "{8F8BE88C-2A97-421C-88F1-B067C63247A7}"
EndProject
Project("{FAE04EC0-301F-11D3-BF4B-00C04F79EFBC}") = "04.EvenPowersOfTwo", "04.EvenPowersOfTwo\04.EvenPowersOfTwo.csproj", "{9A3C8019-F8C5-4851-9807-FA88C7ADAC9D}"
EndProject
Project("{FAE04EC0-301F-11D3-BF4B-00C04F79EFBC}") = "05.Sequence2k+1", "05.Sequence2k+1\05.Sequence2k+1.csproj", "{9FB6CC15-386B-436C-B965-2FC82BD9140E}"
EndProject
Project("{FAE04EC0-301F-11D3-BF4B-00C04F79EFBC}") = "06.NumberInRange[1...100]", "06.NumberInRange[1...100]\06.NumberInRange[1...100].csproj", "{48A3E439-EA89-4C9A-8B11-C2386D08B745}"
EndProject
Project("{FAE04EC0-301F-11D3-BF4B-00C04F79EFBC}") = "07.GreatestCommonDivisor", "07.GreatestCommonDivisor\07.GreatestCommonDivisor.csproj", "{CC4F69AB-DBC8-4A1A-8925-4FC49E464261}"
EndProject
Project("{FAE04EC0-301F-11D3-BF4B-00C04F79EFBC}") = "08.Factorial", "08.Factorial\08.Factorial.csproj", "{D13B5BB0-3B69-47F2-BFF1-87C755B2F11A}"
EndProject
Project("{FAE04EC0-301F-11D3-BF4B-00C04F79EFBC}") = "09.SumDigits", "09.SumDigits\09.SumDigits.csproj", "{E54B0BDE-7518-467F-99B9-FCFDE8DCF93E}"
EndProject
Project("{FAE04EC0-301F-11D3-BF4B-00C04F79EFBC}") = "10.CheckPrime", "10.CheckPrime\10.CheckPrime.csproj", "{2DFB2A40-F8AF-421A-8A4C-10DD3DF026E4}"
EndProject
Project("{FAE04EC0-301F-11D3-BF4B-00C04F79EFBC}") = "11.EnterEvenNumber", "11.EnterEvenNumber\11.EnterEvenNumber.csproj", "{99A834E5-52CF-4200-A0E8-51300A78A3AA}"
EndProject
Project("{FAE04EC0-301F-11D3-BF4B-00C04F79EFBC}") = "12.Fibonacci", "12.Fibonacci\12.Fibonacci.csproj", "{0C18FF7F-5386-487B-8A57-18F7D0600D41}"
EndProject
Project("{FAE04EC0-301F-11D3-BF4B-00C04F79EFBC}") = "13.NumberPyramid", "13.NumberPyramid\13.NumberPyramid.csproj", "{3B0AE459-8208-4AC8-BC31-05F25DD71EB7}"
EndProject
Project("{FAE04EC0-301F-11D3-BF4B-00C04F79EFBC}") = "14.Numbertable", "14.Numbertable\14.Numbertable.csproj", "{4C597886-DF6A-45FF-B2FD-134C74525116}"
EndProject
Global
	GlobalSection(SolutionConfigurationPlatforms) = preSolution
		Debug|Any CPU = Debug|Any CPU
		Release|Any CPU = Release|Any CPU
	EndGlobalSection
	GlobalSection(ProjectConfigurationPlatforms) = postSolution
		{E7FDC498-5555-48BC-9A7C-60190AFEDF9B}.Debug|Any CPU.ActiveCfg = Debug|Any CPU
		{E7FDC498-5555-48BC-9A7C-60190AFEDF9B}.Debug|Any CPU.Build.0 = Debug|Any CPU
		{E7FDC498-5555-48BC-9A7C-60190AFEDF9B}.Release|Any CPU.ActiveCfg = Release|Any CPU
		{E7FDC498-5555-48BC-9A7C-60190AFEDF9B}.Release|Any CPU.Build.0 = Release|Any CPU
		{6165C16F-E48F-4D0D-AD87-315CC2C8DB32}.Debug|Any CPU.ActiveCfg = Debug|Any CPU
		{6165C16F-E48F-4D0D-AD87-315CC2C8DB32}.Debug|Any CPU.Build.0 = Debug|Any CPU
		{6165C16F-E48F-4D0D-AD87-315CC2C8DB32}.Release|Any CPU.ActiveCfg = Release|Any CPU
		{6165C16F-E48F-4D0D-AD87-315CC2C8DB32}.Release|Any CPU.Build.0 = Release|Any CPU
		{8F8BE88C-2A97-421C-88F1-B067C63247A7}.Debug|Any CPU.ActiveCfg = Debug|Any CPU
		{8F8BE88C-2A97-421C-88F1-B067C63247A7}.Debug|Any CPU.Build.0 = Debug|Any CPU
		{8F8BE88C-2A97-421C-88F1-B067C63247A7}.Release|Any CPU.ActiveCfg = Release|Any CPU
		{8F8BE88C-2A97-421C-88F1-B067C63247A7}.Release|Any CPU.Build.0 = Release|Any CPU
		{9A3C8019-F8C5-4851-9807-FA88C7ADAC9D}.Debug|Any CPU.ActiveCfg = Debug|Any CPU
		{9A3C8019-F8C5-4851-9807-FA88C7ADAC9D}.Debug|Any CPU.Build.0 = Debug|Any CPU
		{9A3C8019-F8C5-4851-9807-FA88C7ADAC9D}.Release|Any CPU.ActiveCfg = Release|Any CPU
		{9A3C8019-F8C5-4851-9807-FA88C7ADAC9D}.Release|Any CPU.Build.0 = Release|Any CPU
		{9FB6CC15-386B-436C-B965-2FC82BD9140E}.Debug|Any CPU.ActiveCfg = Debug|Any CPU
		{9FB6CC15-386B-436C-B965-2FC82BD9140E}.Debug|Any CPU.Build.0 = Debug|Any CPU
		{9FB6CC15-386B-436C-B965-2FC82BD9140E}.Release|Any CPU.ActiveCfg = Release|Any CPU
		{9FB6CC15-386B-436C-B965-2FC82BD9140E}.Release|Any CPU.Build.0 = Release|Any CPU
		{48A3E439-EA89-4C9A-8B11-C2386D08B745}.Debug|Any CPU.ActiveCfg = Debug|Any CPU
		{48A3E439-EA89-4C9A-8B11-C2386D08B745}.Debug|Any CPU.Build.0 = Debug|Any CPU
		{48A3E439-EA89-4C9A-8B11-C2386D08B745}.Release|Any CPU.ActiveCfg = Release|Any CPU
		{48A3E439-EA89-4C9A-8B11-C2386D08B745}.Release|Any CPU.Build.0 = Release|Any CPU
		{CC4F69AB-DBC8-4A1A-8925-4FC49E464261}.Debug|Any CPU.ActiveCfg = Debug|Any CPU
		{CC4F69AB-DBC8-4A1A-8925-4FC49E464261}.Debug|Any CPU.Build.0 = Debug|Any CPU
		{CC4F69AB-DBC8-4A1A-8925-4FC49E464261}.Release|Any CPU.ActiveCfg = Release|Any CPU
		{CC4F69AB-DBC8-4A1A-8925-4FC49E464261}.Release|Any CPU.Build.0 = Release|Any CPU
		{D13B5BB0-3B69-47F2-BFF1-87C755B2F11A}.Debug|Any CPU.ActiveCfg = Debug|Any CPU
		{D13B5BB0-3B69-47F2-BFF1-87C755B2F11A}.Debug|Any CPU.Build.0 = Debug|Any CPU
		{D13B5BB0-3B69-47F2-BFF1-87C755B2F11A}.Release|Any CPU.ActiveCfg = Release|Any CPU
		{D13B5BB0-3B69-47F2-BFF1-87C755B2F11A}.Release|Any CPU.Build.0 = Release|Any CPU
		{E54B0BDE-7518-467F-99B9-FCFDE8DCF93E}.Debug|Any CPU.ActiveCfg = Debug|Any CPU
		{E54B0BDE-7518-467F-99B9-FCFDE8DCF93E}.Debug|Any CPU.Build.0 = Debug|Any CPU
		{E54B0BDE-7518-467F-99B9-FCFDE8DCF93E}.Release|Any CPU.ActiveCfg = Release|Any CPU
		{E54B0BDE-7518-467F-99B9-FCFDE8DCF93E}.Release|Any CPU.Build.0 = Release|Any CPU
		{2DFB2A40-F8AF-421A-8A4C-10DD3DF026E4}.Debug|Any CPU.ActiveCfg = Debug|Any CPU
		{2DFB2A40-F8AF-421A-8A4C-10DD3DF026E4}.Debug|Any CPU.Build.0 = Debug|Any CPU
		{2DFB2A40-F8AF-421A-8A4C-10DD3DF026E4}.Release|Any CPU.ActiveCfg = Release|Any CPU
		{2DFB2A40-F8AF-421A-8A4C-10DD3DF026E4}.Release|Any CPU.Build.0 = Release|Any CPU
		{99A834E5-52CF-4200-A0E8-51300A78A3AA}.Debug|Any CPU.ActiveCfg = Debug|Any CPU
		{99A834E5-52CF-4200-A0E8-51300A78A3AA}.Debug|Any CPU.Build.0 = Debug|Any CPU
		{99A834E5-52CF-4200-A0E8-51300A78A3AA}.Release|Any CPU.ActiveCfg = Release|Any CPU
		{99A834E5-52CF-4200-A0E8-51300A78A3AA}.Release|Any CPU.Build.0 = Release|Any CPU
		{0C18FF7F-5386-487B-8A57-18F7D0600D41}.Debug|Any CPU.ActiveCfg = Debug|Any CPU
		{0C18FF7F-5386-487B-8A57-18F7D0600D41}.Debug|Any CPU.Build.0 = Debug|Any CPU
		{0C18FF7F-5386-487B-8A57-18F7D0600D41}.Release|Any CPU.ActiveCfg = Release|Any CPU
		{0C18FF7F-5386-487B-8A57-18F7D0600D41}.Release|Any CPU.Build.0 = Release|Any CPU
		{3B0AE459-8208-4AC8-BC31-05F25DD71EB7}.Debug|Any CPU.ActiveCfg = Debug|Any CPU
		{3B0AE459-8208-4AC8-BC31-05F25DD71EB7}.Debug|Any CPU.Build.0 = Debug|Any CPU
		{3B0AE459-8208-4AC8-BC31-05F25DD71EB7}.Release|Any CPU.ActiveCfg = Release|Any CPU
		{3B0AE459-8208-4AC8-BC31-05F25DD71EB7}.Release|Any CPU.Build.0 = Release|Any CPU
		{4C597886-DF6A-45FF-B2FD-134C74525116}.Debug|Any CPU.ActiveCfg = Debug|Any CPU
		{4C597886-DF6A-45FF-B2FD-134C74525116}.Debug|Any CPU.Build.0 = Debug|Any CPU
		{4C597886-DF6A-45FF-B2FD-134C74525116}.Release|Any CPU.ActiveCfg = Release|Any CPU
		{4C597886-DF6A-45FF-B2FD-134C74525116}.Release|Any CPU.Build.0 = Release|Any CPU
	EndGlobalSection
	GlobalSection(SolutionProperties) = preSolution
		HideSolutionNode = FALSE
	EndGlobalSection
	GlobalSection(ExtensibilityGlobals) = postSolution
		SolutionGuid = {B0A061A5-D9AE-4CE9-A1FD-CC8CD4D21DED}
	EndGlobalSection
EndGlobal
