
Microsoft Visual Studio Solution File, Format Version 12.00
# Visual Studio 15
VisualStudioVersion = 15.0.27004.2006
MinimumVisualStudioVersion = 10.0.40219.1
Project("{FAE04EC0-301F-11D3-BF4B-00C04F79EFBC}") = "01.Persons", "01.Persons\01.Persons.csproj", "{4AD37401-8326-4926-8697-C9D74512E0C6}"
EndProject
Project("{FAE04EC0-301F-11D3-BF4B-00C04F79EFBC}") = "02.Salary", "02.Salary\02.Salary.csproj", "{64B39BA7-2978-4E34-9DFF-039E1F964FD4}"
EndProject
Project("{FAE04EC0-301F-11D3-BF4B-00C04F79EFBC}") = "03.Validation", "03.Validation\03.Validation.csproj", "{2B9BB2D3-CC19-44B5-BA71-CB9F4AA372D9}"
EndProject
Project("{FAE04EC0-301F-11D3-BF4B-00C04F79EFBC}") = "04.Team", "04.Team\04.Team.csproj", "{0FBA3EAE-1D59-45AF-AFD7-89F33259130D}"
EndProject
Global
	GlobalSection(SolutionConfigurationPlatforms) = preSolution
		Debug|Any CPU = Debug|Any CPU
		Release|Any CPU = Release|Any CPU
	EndGlobalSection
	GlobalSection(ProjectConfigurationPlatforms) = postSolution
		{4AD37401-8326-4926-8697-C9D74512E0C6}.Debug|Any CPU.ActiveCfg = Debug|Any CPU
		{4AD37401-8326-4926-8697-C9D74512E0C6}.Debug|Any CPU.Build.0 = Debug|Any CPU
		{4AD37401-8326-4926-8697-C9D74512E0C6}.Release|Any CPU.ActiveCfg = Release|Any CPU
		{4AD37401-8326-4926-8697-C9D74512E0C6}.Release|Any CPU.Build.0 = Release|Any CPU
		{64B39BA7-2978-4E34-9DFF-039E1F964FD4}.Debug|Any CPU.ActiveCfg = Debug|Any CPU
		{64B39BA7-2978-4E34-9DFF-039E1F964FD4}.Debug|Any CPU.Build.0 = Debug|Any CPU
		{64B39BA7-2978-4E34-9DFF-039E1F964FD4}.Release|Any CPU.ActiveCfg = Release|Any CPU
		{64B39BA7-2978-4E34-9DFF-039E1F964FD4}.Release|Any CPU.Build.0 = Release|Any CPU
		{2B9BB2D3-CC19-44B5-BA71-CB9F4AA372D9}.Debug|Any CPU.ActiveCfg = Debug|Any CPU
		{2B9BB2D3-CC19-44B5-BA71-CB9F4AA372D9}.Debug|Any CPU.Build.0 = Debug|Any CPU
		{2B9BB2D3-CC19-44B5-BA71-CB9F4AA372D9}.Release|Any CPU.ActiveCfg = Release|Any CPU
		{2B9BB2D3-CC19-44B5-BA71-CB9F4AA372D9}.Release|Any CPU.Build.0 = Release|Any CPU
		{0FBA3EAE-1D59-45AF-AFD7-89F33259130D}.Debug|Any CPU.ActiveCfg = Debug|Any CPU
		{0FBA3EAE-1D59-45AF-AFD7-89F33259130D}.Debug|Any CPU.Build.0 = Debug|Any CPU
		{0FBA3EAE-1D59-45AF-AFD7-89F33259130D}.Release|Any CPU.ActiveCfg = Release|Any CPU
		{0FBA3EAE-1D59-45AF-AFD7-89F33259130D}.Release|Any CPU.Build.0 = Release|Any CPU
	EndGlobalSection
	GlobalSection(SolutionProperties) = preSolution
		HideSolutionNode = FALSE
	EndGlobalSection
	GlobalSection(ExtensibilityGlobals) = postSolution
		SolutionGuid = {1C22FF9A-09A5-476A-AB2D-007E7061FDCE}
	EndGlobalSection
EndGlobal
