
Microsoft Visual Studio Solution File, Format Version 12.00
# Visual Studio 15
VisualStudioVersion = 15.0.27004.2006
MinimumVisualStudioVersion = 10.0.40219.1
Project("{FAE04EC0-301F-11D3-BF4B-00C04F79EFBC}") = "01.ExtractEmails", "01.ExtractEmails\01.ExtractEmails.csproj", "{7956D375-28CF-4FE1-99CF-17611AF33227}"
EndProject
Project("{FAE04EC0-301F-11D3-BF4B-00C04F79EFBC}") = "02.ExtractSentencesByKeyword", "02.ExtractSentencesByKeyword\02.ExtractSentencesByKeyword.csproj", "{318679C7-11C3-4E72-9E57-D4827E1E30F4}"
EndProject
Project("{FAE04EC0-301F-11D3-BF4B-00C04F79EFBC}") = "03.ValidUsernames", "03.ValidUsernames\03.ValidUsernames.csproj", "{CE7939D1-CF32-4C2B-A777-B4BD04C67128}"
EndProject
Project("{FAE04EC0-301F-11D3-BF4B-00C04F79EFBC}") = "04.QueryMess", "04.QueryMess\04.QueryMess.csproj", "{68583E5D-ED53-4C83-A79D-85251B609A59}"
EndProject
Project("{FAE04EC0-301F-11D3-BF4B-00C04F79EFBC}") = "05.UseYourChainsBuddy", "05.UseYourChainsBuddy\05.UseYourChainsBuddy.csproj", "{D2D1E737-19FE-41F8-9E59-D0D02AACC4A1}"
EndProject
Global
	GlobalSection(SolutionConfigurationPlatforms) = preSolution
		Debug|Any CPU = Debug|Any CPU
		Release|Any CPU = Release|Any CPU
	EndGlobalSection
	GlobalSection(ProjectConfigurationPlatforms) = postSolution
		{7956D375-28CF-4FE1-99CF-17611AF33227}.Debug|Any CPU.ActiveCfg = Debug|Any CPU
		{7956D375-28CF-4FE1-99CF-17611AF33227}.Debug|Any CPU.Build.0 = Debug|Any CPU
		{7956D375-28CF-4FE1-99CF-17611AF33227}.Release|Any CPU.ActiveCfg = Release|Any CPU
		{7956D375-28CF-4FE1-99CF-17611AF33227}.Release|Any CPU.Build.0 = Release|Any CPU
		{318679C7-11C3-4E72-9E57-D4827E1E30F4}.Debug|Any CPU.ActiveCfg = Debug|Any CPU
		{318679C7-11C3-4E72-9E57-D4827E1E30F4}.Debug|Any CPU.Build.0 = Debug|Any CPU
		{318679C7-11C3-4E72-9E57-D4827E1E30F4}.Release|Any CPU.ActiveCfg = Release|Any CPU
		{318679C7-11C3-4E72-9E57-D4827E1E30F4}.Release|Any CPU.Build.0 = Release|Any CPU
		{CE7939D1-CF32-4C2B-A777-B4BD04C67128}.Debug|Any CPU.ActiveCfg = Debug|Any CPU
		{CE7939D1-CF32-4C2B-A777-B4BD04C67128}.Debug|Any CPU.Build.0 = Debug|Any CPU
		{CE7939D1-CF32-4C2B-A777-B4BD04C67128}.Release|Any CPU.ActiveCfg = Release|Any CPU
		{CE7939D1-CF32-4C2B-A777-B4BD04C67128}.Release|Any CPU.Build.0 = Release|Any CPU
		{68583E5D-ED53-4C83-A79D-85251B609A59}.Debug|Any CPU.ActiveCfg = Debug|Any CPU
		{68583E5D-ED53-4C83-A79D-85251B609A59}.Debug|Any CPU.Build.0 = Debug|Any CPU
		{68583E5D-ED53-4C83-A79D-85251B609A59}.Release|Any CPU.ActiveCfg = Release|Any CPU
		{68583E5D-ED53-4C83-A79D-85251B609A59}.Release|Any CPU.Build.0 = Release|Any CPU
		{D2D1E737-19FE-41F8-9E59-D0D02AACC4A1}.Debug|Any CPU.ActiveCfg = Debug|Any CPU
		{D2D1E737-19FE-41F8-9E59-D0D02AACC4A1}.Debug|Any CPU.Build.0 = Debug|Any CPU
		{D2D1E737-19FE-41F8-9E59-D0D02AACC4A1}.Release|Any CPU.ActiveCfg = Release|Any CPU
		{D2D1E737-19FE-41F8-9E59-D0D02AACC4A1}.Release|Any CPU.Build.0 = Release|Any CPU
	EndGlobalSection
	GlobalSection(SolutionProperties) = preSolution
		HideSolutionNode = FALSE
	EndGlobalSection
	GlobalSection(ExtensibilityGlobals) = postSolution
		SolutionGuid = {C1379930-FC6B-4722-94B1-82DBC88FE55D}
	EndGlobalSection
EndGlobal
