
Microsoft Visual Studio Solution File, Format Version 12.00
# Visual Studio 15
VisualStudioVersion = 15.0.27004.2006
MinimumVisualStudioVersion = 10.0.40219.1
Project("{FAE04EC0-301F-11D3-BF4B-00C04F79EFBC}") = "01.ParkingLot", "01.ParkingLot\01.ParkingLot.csproj", "{12DF19CF-A171-4C37-8220-F248FD8B219D}"
EndProject
Project("{FAE04EC0-301F-11D3-BF4B-00C04F79EFBC}") = "02.SoftUniParty", "02.SoftUniParty\02.SoftUniParty.csproj", "{BB71605F-E1BE-4E5A-9DC8-8F3BBBDA9CA5}"
EndProject
Project("{FAE04EC0-301F-11D3-BF4B-00C04F79EFBC}") = "03.CountSameValuesInArray", "03.CountSameValuesInArray\03.CountSameValuesInArray.csproj", "{6CBF5808-8F88-47AA-A1EC-B75DA2828BBA}"
EndProject
Project("{FAE04EC0-301F-11D3-BF4B-00C04F79EFBC}") = "04.AcademyGraduation", "04.AcademyGraduation\04.AcademyGraduation.csproj", "{9436E9B9-260C-485E-BBEA-EA09FCD79B49}"
EndProject
Global
	GlobalSection(SolutionConfigurationPlatforms) = preSolution
		Debug|Any CPU = Debug|Any CPU
		Release|Any CPU = Release|Any CPU
	EndGlobalSection
	GlobalSection(ProjectConfigurationPlatforms) = postSolution
		{12DF19CF-A171-4C37-8220-F248FD8B219D}.Debug|Any CPU.ActiveCfg = Debug|Any CPU
		{12DF19CF-A171-4C37-8220-F248FD8B219D}.Debug|Any CPU.Build.0 = Debug|Any CPU
		{12DF19CF-A171-4C37-8220-F248FD8B219D}.Release|Any CPU.ActiveCfg = Release|Any CPU
		{12DF19CF-A171-4C37-8220-F248FD8B219D}.Release|Any CPU.Build.0 = Release|Any CPU
		{BB71605F-E1BE-4E5A-9DC8-8F3BBBDA9CA5}.Debug|Any CPU.ActiveCfg = Debug|Any CPU
		{BB71605F-E1BE-4E5A-9DC8-8F3BBBDA9CA5}.Debug|Any CPU.Build.0 = Debug|Any CPU
		{BB71605F-E1BE-4E5A-9DC8-8F3BBBDA9CA5}.Release|Any CPU.ActiveCfg = Release|Any CPU
		{BB71605F-E1BE-4E5A-9DC8-8F3BBBDA9CA5}.Release|Any CPU.Build.0 = Release|Any CPU
		{6CBF5808-8F88-47AA-A1EC-B75DA2828BBA}.Debug|Any CPU.ActiveCfg = Debug|Any CPU
		{6CBF5808-8F88-47AA-A1EC-B75DA2828BBA}.Debug|Any CPU.Build.0 = Debug|Any CPU
		{6CBF5808-8F88-47AA-A1EC-B75DA2828BBA}.Release|Any CPU.ActiveCfg = Release|Any CPU
		{6CBF5808-8F88-47AA-A1EC-B75DA2828BBA}.Release|Any CPU.Build.0 = Release|Any CPU
		{9436E9B9-260C-485E-BBEA-EA09FCD79B49}.Debug|Any CPU.ActiveCfg = Debug|Any CPU
		{9436E9B9-260C-485E-BBEA-EA09FCD79B49}.Debug|Any CPU.Build.0 = Debug|Any CPU
		{9436E9B9-260C-485E-BBEA-EA09FCD79B49}.Release|Any CPU.ActiveCfg = Release|Any CPU
		{9436E9B9-260C-485E-BBEA-EA09FCD79B49}.Release|Any CPU.Build.0 = Release|Any CPU
	EndGlobalSection
	GlobalSection(SolutionProperties) = preSolution
		HideSolutionNode = FALSE
	EndGlobalSection
	GlobalSection(ExtensibilityGlobals) = postSolution
		SolutionGuid = {F7E91BD7-E884-4927-A4A3-BE1C2A908740}
	EndGlobalSection
EndGlobal
