
Microsoft Visual Studio Solution File, Format Version 12.00
# Visual Studio 15
VisualStudioVersion = 15.0.27004.2006
MinimumVisualStudioVersion = 10.0.40219.1
Project("{FAE04EC0-301F-11D3-BF4B-00C04F79EFBC}") = "01.ReverseNumbers", "01.ReverseNumbers\01.ReverseNumbers.csproj", "{B369F157-F734-49CB-AAD0-FE16CF2254BA}"
EndProject
Project("{FAE04EC0-301F-11D3-BF4B-00C04F79EFBC}") = "02.BasicStackOperations", "02.BasicStackOperations\02.BasicStackOperations.csproj", "{F2E2E801-0C87-49FC-A4BC-84937A4428D6}"
EndProject
Project("{FAE04EC0-301F-11D3-BF4B-00C04F79EFBC}") = "03.MaximumElement", "03.MaximumElement\03.MaximumElement.csproj", "{69578ABF-B85D-47F8-AFEB-17FB0D45F9E5}"
EndProject
Project("{FAE04EC0-301F-11D3-BF4B-00C04F79EFBC}") = "04.BasicQueueOperations", "04.BasicQueueOperations\04.BasicQueueOperations.csproj", "{2C4243BE-84EB-4660-94D4-1EE5AF662FD4}"
EndProject
Project("{FAE04EC0-301F-11D3-BF4B-00C04F79EFBC}") = "05.SequenceWithQueue", "05.SequenceWithQueue\05.SequenceWithQueue.csproj", "{AA92D277-2553-4F87-958A-6B7DCB2FCA5B}"
EndProject
Project("{FAE04EC0-301F-11D3-BF4B-00C04F79EFBC}") = "06.TruckTour", "06.TruckTour\06.TruckTour.csproj", "{9C3B9DDB-754F-4449-99F2-FC09813A3FDC}"
EndProject
Project("{FAE04EC0-301F-11D3-BF4B-00C04F79EFBC}") = "07.BalancedParenthesis", "07.BalancedParenthesis\07.BalancedParenthesis.csproj", "{6272BCBE-4325-4DFA-A7A1-B288A26A4863}"
EndProject
Project("{FAE04EC0-301F-11D3-BF4B-00C04F79EFBC}") = "08.RecursiveFibonacci", "08.RecursiveFibonacci\08.RecursiveFibonacci.csproj", "{C95EF6AA-A712-4C96-B895-D0FB252F22CE}"
EndProject
Project("{FAE04EC0-301F-11D3-BF4B-00C04F79EFBC}") = "09.StackFibonacci", "09.StackFibonacci\09.StackFibonacci.csproj", "{9C61E1CA-670B-4EEE-A305-D58606CF4239}"
EndProject
Project("{FAE04EC0-301F-11D3-BF4B-00C04F79EFBC}") = "10.SimpleTextEditor", "10.SimpleTextEditor\10.SimpleTextEditor.csproj", "{A3C2A709-2261-4A6C-8C3F-6B4217D7E962}"
EndProject
Project("{FAE04EC0-301F-11D3-BF4B-00C04F79EFBC}") = "11.PoisonousPlants", "11.PoisonousPlants\11.PoisonousPlants.csproj", "{D1B5A692-473A-45A5-8635-1EAB6C311BB0}"
EndProject
Global
	GlobalSection(SolutionConfigurationPlatforms) = preSolution
		Debug|Any CPU = Debug|Any CPU
		Release|Any CPU = Release|Any CPU
	EndGlobalSection
	GlobalSection(ProjectConfigurationPlatforms) = postSolution
		{B369F157-F734-49CB-AAD0-FE16CF2254BA}.Debug|Any CPU.ActiveCfg = Debug|Any CPU
		{B369F157-F734-49CB-AAD0-FE16CF2254BA}.Debug|Any CPU.Build.0 = Debug|Any CPU
		{B369F157-F734-49CB-AAD0-FE16CF2254BA}.Release|Any CPU.ActiveCfg = Release|Any CPU
		{B369F157-F734-49CB-AAD0-FE16CF2254BA}.Release|Any CPU.Build.0 = Release|Any CPU
		{F2E2E801-0C87-49FC-A4BC-84937A4428D6}.Debug|Any CPU.ActiveCfg = Debug|Any CPU
		{F2E2E801-0C87-49FC-A4BC-84937A4428D6}.Debug|Any CPU.Build.0 = Debug|Any CPU
		{F2E2E801-0C87-49FC-A4BC-84937A4428D6}.Release|Any CPU.ActiveCfg = Release|Any CPU
		{F2E2E801-0C87-49FC-A4BC-84937A4428D6}.Release|Any CPU.Build.0 = Release|Any CPU
		{69578ABF-B85D-47F8-AFEB-17FB0D45F9E5}.Debug|Any CPU.ActiveCfg = Debug|Any CPU
		{69578ABF-B85D-47F8-AFEB-17FB0D45F9E5}.Debug|Any CPU.Build.0 = Debug|Any CPU
		{69578ABF-B85D-47F8-AFEB-17FB0D45F9E5}.Release|Any CPU.ActiveCfg = Release|Any CPU
		{69578ABF-B85D-47F8-AFEB-17FB0D45F9E5}.Release|Any CPU.Build.0 = Release|Any CPU
		{2C4243BE-84EB-4660-94D4-1EE5AF662FD4}.Debug|Any CPU.ActiveCfg = Debug|Any CPU
		{2C4243BE-84EB-4660-94D4-1EE5AF662FD4}.Debug|Any CPU.Build.0 = Debug|Any CPU
		{2C4243BE-84EB-4660-94D4-1EE5AF662FD4}.Release|Any CPU.ActiveCfg = Release|Any CPU
		{2C4243BE-84EB-4660-94D4-1EE5AF662FD4}.Release|Any CPU.Build.0 = Release|Any CPU
		{AA92D277-2553-4F87-958A-6B7DCB2FCA5B}.Debug|Any CPU.ActiveCfg = Debug|Any CPU
		{AA92D277-2553-4F87-958A-6B7DCB2FCA5B}.Debug|Any CPU.Build.0 = Debug|Any CPU
		{AA92D277-2553-4F87-958A-6B7DCB2FCA5B}.Release|Any CPU.ActiveCfg = Release|Any CPU
		{AA92D277-2553-4F87-958A-6B7DCB2FCA5B}.Release|Any CPU.Build.0 = Release|Any CPU
		{9C3B9DDB-754F-4449-99F2-FC09813A3FDC}.Debug|Any CPU.ActiveCfg = Debug|Any CPU
		{9C3B9DDB-754F-4449-99F2-FC09813A3FDC}.Debug|Any CPU.Build.0 = Debug|Any CPU
		{9C3B9DDB-754F-4449-99F2-FC09813A3FDC}.Release|Any CPU.ActiveCfg = Release|Any CPU
		{9C3B9DDB-754F-4449-99F2-FC09813A3FDC}.Release|Any CPU.Build.0 = Release|Any CPU
		{6272BCBE-4325-4DFA-A7A1-B288A26A4863}.Debug|Any CPU.ActiveCfg = Debug|Any CPU
		{6272BCBE-4325-4DFA-A7A1-B288A26A4863}.Debug|Any CPU.Build.0 = Debug|Any CPU
		{6272BCBE-4325-4DFA-A7A1-B288A26A4863}.Release|Any CPU.ActiveCfg = Release|Any CPU
		{6272BCBE-4325-4DFA-A7A1-B288A26A4863}.Release|Any CPU.Build.0 = Release|Any CPU
		{C95EF6AA-A712-4C96-B895-D0FB252F22CE}.Debug|Any CPU.ActiveCfg = Debug|Any CPU
		{C95EF6AA-A712-4C96-B895-D0FB252F22CE}.Debug|Any CPU.Build.0 = Debug|Any CPU
		{C95EF6AA-A712-4C96-B895-D0FB252F22CE}.Release|Any CPU.ActiveCfg = Release|Any CPU
		{C95EF6AA-A712-4C96-B895-D0FB252F22CE}.Release|Any CPU.Build.0 = Release|Any CPU
		{9C61E1CA-670B-4EEE-A305-D58606CF4239}.Debug|Any CPU.ActiveCfg = Debug|Any CPU
		{9C61E1CA-670B-4EEE-A305-D58606CF4239}.Debug|Any CPU.Build.0 = Debug|Any CPU
		{9C61E1CA-670B-4EEE-A305-D58606CF4239}.Release|Any CPU.ActiveCfg = Release|Any CPU
		{9C61E1CA-670B-4EEE-A305-D58606CF4239}.Release|Any CPU.Build.0 = Release|Any CPU
		{A3C2A709-2261-4A6C-8C3F-6B4217D7E962}.Debug|Any CPU.ActiveCfg = Debug|Any CPU
		{A3C2A709-2261-4A6C-8C3F-6B4217D7E962}.Debug|Any CPU.Build.0 = Debug|Any CPU
		{A3C2A709-2261-4A6C-8C3F-6B4217D7E962}.Release|Any CPU.ActiveCfg = Release|Any CPU
		{A3C2A709-2261-4A6C-8C3F-6B4217D7E962}.Release|Any CPU.Build.0 = Release|Any CPU
		{D1B5A692-473A-45A5-8635-1EAB6C311BB0}.Debug|Any CPU.ActiveCfg = Debug|Any CPU
		{D1B5A692-473A-45A5-8635-1EAB6C311BB0}.Debug|Any CPU.Build.0 = Debug|Any CPU
		{D1B5A692-473A-45A5-8635-1EAB6C311BB0}.Release|Any CPU.ActiveCfg = Release|Any CPU
		{D1B5A692-473A-45A5-8635-1EAB6C311BB0}.Release|Any CPU.Build.0 = Release|Any CPU
	EndGlobalSection
	GlobalSection(SolutionProperties) = preSolution
		HideSolutionNode = FALSE
	EndGlobalSection
	GlobalSection(ExtensibilityGlobals) = postSolution
		SolutionGuid = {734E8B43-E919-4D2F-8828-5A7D2924C169}
	EndGlobalSection
EndGlobal
