
Microsoft Visual Studio Solution File, Format Version 12.00
# Visual Studio 15
VisualStudioVersion = 15.0.27004.2006
MinimumVisualStudioVersion = 10.0.40219.1
Project("{FAE04EC0-301F-11D3-BF4B-00C04F79EFBC}") = "01.BlankReceipt", "01.BlankReceipt\01.BlankReceipt.csproj", "{0D919C05-8990-473C-9FFC-CBB82AC8564D}"
EndProject
Project("{FAE04EC0-301F-11D3-BF4B-00C04F79EFBC}") = "02.SignOfIntegerNumber", "02.SignOfIntegerNumber\02.SignOfIntegerNumber.csproj", "{3F3A4ECC-2D04-4B9B-81BE-52DA481943E7}"
EndProject
Project("{FAE04EC0-301F-11D3-BF4B-00C04F79EFBC}") = "03.PrintingTriangle", "03.PrintingTriangle\03.PrintingTriangle.csproj", "{5B024662-52CD-4CA8-8308-0BF4D52A0692}"
EndProject
Project("{FAE04EC0-301F-11D3-BF4B-00C04F79EFBC}") = "04.DrawAFilledSquare", "04.DrawAFilledSquare\04.DrawAFilledSquare.csproj", "{9EA65B0B-1EA1-4EAA-9756-CC4C23CC0BA6}"
EndProject
Project("{FAE04EC0-301F-11D3-BF4B-00C04F79EFBC}") = "05.CalculateTriangleArea", "05.CalculateTriangleArea\05.CalculateTriangleArea.csproj", "{A0A31A4A-790C-43BB-AB89-0F01F1900E74}"
EndProject
Project("{FAE04EC0-301F-11D3-BF4B-00C04F79EFBC}") = "06.MathPower", "06.MathPower\06.MathPower.csproj", "{66ED02DE-7321-4324-A066-5E283287F447}"
EndProject
Project("{FAE04EC0-301F-11D3-BF4B-00C04F79EFBC}") = "07.GreaterOfTwoValues", "07.GreaterOfTwoValues\07.GreaterOfTwoValues.csproj", "{C9DA48DB-979B-456F-8592-23E06D5058E0}"
EndProject
Project("{FAE04EC0-301F-11D3-BF4B-00C04F79EFBC}") = "08.MultiplyEvensByOdds", "08.MultiplyEvensByOdds\08.MultiplyEvensByOdds.csproj", "{4EDF3846-240F-4B4B-A1D8-D8FDCB209926}"
EndProject
Project("{FAE04EC0-301F-11D3-BF4B-00C04F79EFBC}") = "09.HolidaysBetweenTwoDates", "09.HolidaysBetweenTwoDates\09.HolidaysBetweenTwoDates.csproj", "{CD346C7D-0F08-42AF-926A-BB0C7D81A86C}"
EndProject
Project("{FAE04EC0-301F-11D3-BF4B-00C04F79EFBC}") = "10.PriceChangeAlert", "10.PriceChangeAlert\10.PriceChangeAlert.csproj", "{5DFE86BB-B37A-4441-AB74-07D7948D362A}"
EndProject
Global
	GlobalSection(SolutionConfigurationPlatforms) = preSolution
		Debug|Any CPU = Debug|Any CPU
		Release|Any CPU = Release|Any CPU
	EndGlobalSection
	GlobalSection(ProjectConfigurationPlatforms) = postSolution
		{0D919C05-8990-473C-9FFC-CBB82AC8564D}.Debug|Any CPU.ActiveCfg = Debug|Any CPU
		{0D919C05-8990-473C-9FFC-CBB82AC8564D}.Debug|Any CPU.Build.0 = Debug|Any CPU
		{0D919C05-8990-473C-9FFC-CBB82AC8564D}.Release|Any CPU.ActiveCfg = Release|Any CPU
		{0D919C05-8990-473C-9FFC-CBB82AC8564D}.Release|Any CPU.Build.0 = Release|Any CPU
		{3F3A4ECC-2D04-4B9B-81BE-52DA481943E7}.Debug|Any CPU.ActiveCfg = Debug|Any CPU
		{3F3A4ECC-2D04-4B9B-81BE-52DA481943E7}.Debug|Any CPU.Build.0 = Debug|Any CPU
		{3F3A4ECC-2D04-4B9B-81BE-52DA481943E7}.Release|Any CPU.ActiveCfg = Release|Any CPU
		{3F3A4ECC-2D04-4B9B-81BE-52DA481943E7}.Release|Any CPU.Build.0 = Release|Any CPU
		{5B024662-52CD-4CA8-8308-0BF4D52A0692}.Debug|Any CPU.ActiveCfg = Debug|Any CPU
		{5B024662-52CD-4CA8-8308-0BF4D52A0692}.Debug|Any CPU.Build.0 = Debug|Any CPU
		{5B024662-52CD-4CA8-8308-0BF4D52A0692}.Release|Any CPU.ActiveCfg = Release|Any CPU
		{5B024662-52CD-4CA8-8308-0BF4D52A0692}.Release|Any CPU.Build.0 = Release|Any CPU
		{9EA65B0B-1EA1-4EAA-9756-CC4C23CC0BA6}.Debug|Any CPU.ActiveCfg = Debug|Any CPU
		{9EA65B0B-1EA1-4EAA-9756-CC4C23CC0BA6}.Debug|Any CPU.Build.0 = Debug|Any CPU
		{9EA65B0B-1EA1-4EAA-9756-CC4C23CC0BA6}.Release|Any CPU.ActiveCfg = Release|Any CPU
		{9EA65B0B-1EA1-4EAA-9756-CC4C23CC0BA6}.Release|Any CPU.Build.0 = Release|Any CPU
		{A0A31A4A-790C-43BB-AB89-0F01F1900E74}.Debug|Any CPU.ActiveCfg = Debug|Any CPU
		{A0A31A4A-790C-43BB-AB89-0F01F1900E74}.Debug|Any CPU.Build.0 = Debug|Any CPU
		{A0A31A4A-790C-43BB-AB89-0F01F1900E74}.Release|Any CPU.ActiveCfg = Release|Any CPU
		{A0A31A4A-790C-43BB-AB89-0F01F1900E74}.Release|Any CPU.Build.0 = Release|Any CPU
		{66ED02DE-7321-4324-A066-5E283287F447}.Debug|Any CPU.ActiveCfg = Debug|Any CPU
		{66ED02DE-7321-4324-A066-5E283287F447}.Debug|Any CPU.Build.0 = Debug|Any CPU
		{66ED02DE-7321-4324-A066-5E283287F447}.Release|Any CPU.ActiveCfg = Release|Any CPU
		{66ED02DE-7321-4324-A066-5E283287F447}.Release|Any CPU.Build.0 = Release|Any CPU
		{C9DA48DB-979B-456F-8592-23E06D5058E0}.Debug|Any CPU.ActiveCfg = Debug|Any CPU
		{C9DA48DB-979B-456F-8592-23E06D5058E0}.Debug|Any CPU.Build.0 = Debug|Any CPU
		{C9DA48DB-979B-456F-8592-23E06D5058E0}.Release|Any CPU.ActiveCfg = Release|Any CPU
		{C9DA48DB-979B-456F-8592-23E06D5058E0}.Release|Any CPU.Build.0 = Release|Any CPU
		{4EDF3846-240F-4B4B-A1D8-D8FDCB209926}.Debug|Any CPU.ActiveCfg = Debug|Any CPU
		{4EDF3846-240F-4B4B-A1D8-D8FDCB209926}.Debug|Any CPU.Build.0 = Debug|Any CPU
		{4EDF3846-240F-4B4B-A1D8-D8FDCB209926}.Release|Any CPU.ActiveCfg = Release|Any CPU
		{4EDF3846-240F-4B4B-A1D8-D8FDCB209926}.Release|Any CPU.Build.0 = Release|Any CPU
		{CD346C7D-0F08-42AF-926A-BB0C7D81A86C}.Debug|Any CPU.ActiveCfg = Debug|Any CPU
		{CD346C7D-0F08-42AF-926A-BB0C7D81A86C}.Debug|Any CPU.Build.0 = Debug|Any CPU
		{CD346C7D-0F08-42AF-926A-BB0C7D81A86C}.Release|Any CPU.ActiveCfg = Release|Any CPU
		{CD346C7D-0F08-42AF-926A-BB0C7D81A86C}.Release|Any CPU.Build.0 = Release|Any CPU
		{5DFE86BB-B37A-4441-AB74-07D7948D362A}.Debug|Any CPU.ActiveCfg = Debug|Any CPU
		{5DFE86BB-B37A-4441-AB74-07D7948D362A}.Debug|Any CPU.Build.0 = Debug|Any CPU
		{5DFE86BB-B37A-4441-AB74-07D7948D362A}.Release|Any CPU.ActiveCfg = Release|Any CPU
		{5DFE86BB-B37A-4441-AB74-07D7948D362A}.Release|Any CPU.Build.0 = Release|Any CPU
	EndGlobalSection
	GlobalSection(SolutionProperties) = preSolution
		HideSolutionNode = FALSE
	EndGlobalSection
	GlobalSection(ExtensibilityGlobals) = postSolution
		SolutionGuid = {44ED7630-9CAE-455D-A855-1CA2E7758CFA}
	EndGlobalSection
EndGlobal
